
Microsoft Visual Studio Solution File, Format Version 12.00
# Visual Studio Version 16
VisualStudioVersion = 16.0.29102.190
MinimumVisualStudioVersion = 10.0.40219.1
Project("{FAE04EC0-301F-11D3-BF4B-00C04F79EFBC}") = "PruebaProyecto1", "PruebaProyecto1\PruebaProyecto1.csproj", "{0FAD015C-D757-4399-8998-CF894E1C4E94}"
EndProject
Global
	GlobalSection(SolutionConfigurationPlatforms) = preSolution
		Debug|Any CPU = Debug|Any CPU
		Release|Any CPU = Release|Any CPU
	EndGlobalSection
	GlobalSection(ProjectConfigurationPlatforms) = postSolution
		{0FAD015C-D757-4399-8998-CF894E1C4E94}.Debug|Any CPU.ActiveCfg = Debug|Any CPU
		{0FAD015C-D757-4399-8998-CF894E1C4E94}.Debug|Any CPU.Build.0 = Debug|Any CPU
		{0FAD015C-D757-4399-8998-CF894E1C4E94}.Release|Any CPU.ActiveCfg = Release|Any CPU
		{0FAD015C-D757-4399-8998-CF894E1C4E94}.Release|Any CPU.Build.0 = Release|Any CPU
	EndGlobalSection
	GlobalSection(SolutionProperties) = preSolution
		HideSolutionNode = FALSE
	EndGlobalSection
	GlobalSection(ExtensibilityGlobals) = postSolution
		SolutionGuid = {F63A5CE8-0325-4B9A-B825-A775B4D2BC59}
	EndGlobalSection
EndGlobal
